
Microsoft Visual Studio Solution File, Format Version 12.00
# Visual Studio Version 17
VisualStudioVersion = 17.5.002.0
MinimumVisualStudioVersion = 10.0.40219.1
Project("{9A19103F-16F7-4668-BE54-9A1E7A4F7556}") = "ProgrammingQuestions", "ProgrammingQuestions.csproj", "{406B6AA5-7F6B-40E0-98FC-917A0948618A}"
EndProject
Global
	GlobalSection(SolutionConfigurationPlatforms) = preSolution
		Debug|Any CPU = Debug|Any CPU
		Release|Any CPU = Release|Any CPU
	EndGlobalSection
	GlobalSection(ProjectConfigurationPlatforms) = postSolution
		{406B6AA5-7F6B-40E0-98FC-917A0948618A}.Debug|Any CPU.ActiveCfg = Debug|Any CPU
		{406B6AA5-7F6B-40E0-98FC-917A0948618A}.Debug|Any CPU.Build.0 = Debug|Any CPU
		{406B6AA5-7F6B-40E0-98FC-917A0948618A}.Release|Any CPU.ActiveCfg = Release|Any CPU
		{406B6AA5-7F6B-40E0-98FC-917A0948618A}.Release|Any CPU.Build.0 = Release|Any CPU
	EndGlobalSection
	GlobalSection(SolutionProperties) = preSolution
		HideSolutionNode = FALSE
	EndGlobalSection
	GlobalSection(ExtensibilityGlobals) = postSolution
		SolutionGuid = {196EAA09-4633-410B-AB5D-D2208BCD0079}
	EndGlobalSection
EndGlobal
